
Microsoft Visual Studio Solution File, Format Version 12.00
# Visual Studio Version 16
VisualStudioVersion = 16.0.32002.261
MinimumVisualStudioVersion = 10.0.40219.1
Project("{FAE04EC0-301F-11D3-BF4B-00C04F79EFBC}") = "ReverseNumber", "ReverseNumber\ReverseNumber.csproj", "{48E401EA-D163-42DD-9A56-5CEC372F94EC}"
EndProject
Global
	GlobalSection(SolutionConfigurationPlatforms) = preSolution
		Debug|Any CPU = Debug|Any CPU
		Release|Any CPU = Release|Any CPU
	EndGlobalSection
	GlobalSection(ProjectConfigurationPlatforms) = postSolution
		{48E401EA-D163-42DD-9A56-5CEC372F94EC}.Debug|Any CPU.ActiveCfg = Debug|Any CPU
		{48E401EA-D163-42DD-9A56-5CEC372F94EC}.Debug|Any CPU.Build.0 = Debug|Any CPU
		{48E401EA-D163-42DD-9A56-5CEC372F94EC}.Release|Any CPU.ActiveCfg = Release|Any CPU
		{48E401EA-D163-42DD-9A56-5CEC372F94EC}.Release|Any CPU.Build.0 = Release|Any CPU
	EndGlobalSection
	GlobalSection(SolutionProperties) = preSolution
		HideSolutionNode = FALSE
	EndGlobalSection
	GlobalSection(ExtensibilityGlobals) = postSolution
		SolutionGuid = {1886C170-59E8-4468-AC7D-779298348A74}
	EndGlobalSection
EndGlobal
